
Microsoft Visual Studio Solution File, Format Version 12.00
# Visual Studio Version 16
VisualStudioVersion = 16.0.31515.178
MinimumVisualStudioVersion = 10.0.40219.1
Project("{C7167F0D-BC9F-4E6E-AFE1-012C56B48DB5}") = "App6 (Package)", "App6 (Package)\App6 (Package).wapproj", "{99A74EFE-2122-4E25-B15E-4ABACFA50E9B}"
EndProject
Project("{9A19103F-16F7-4668-BE54-9A1E7A4F7556}") = "App6", "App6\App6.csproj", "{FA71EA72-07E4-4BDD-B3A7-7DBE37EA6D0D}"
EndProject
Project("{9A19103F-16F7-4668-BE54-9A1E7A4F7556}") = "App6.Core", "App6.Core\App6.Core.csproj", "{C454E3F6-B59E-45E3-9DEF-E84D29424FE3}"
EndProject
Global
	GlobalSection(SolutionConfigurationPlatforms) = preSolution
		Debug|Any CPU = Debug|Any CPU
		Debug|arm64 = Debug|arm64
		Debug|x64 = Debug|x64
		Debug|x86 = Debug|x86
		Release|Any CPU = Release|Any CPU
		Release|arm64 = Release|arm64
		Release|x64 = Release|x64
		Release|x86 = Release|x86
	EndGlobalSection
	GlobalSection(ProjectConfigurationPlatforms) = postSolution
		{99A74EFE-2122-4E25-B15E-4ABACFA50E9B}.Debug|Any CPU.ActiveCfg = Debug|x86
		{99A74EFE-2122-4E25-B15E-4ABACFA50E9B}.Debug|arm64.ActiveCfg = Debug|arm64
		{99A74EFE-2122-4E25-B15E-4ABACFA50E9B}.Debug|arm64.Build.0 = Debug|arm64
		{99A74EFE-2122-4E25-B15E-4ABACFA50E9B}.Debug|arm64.Deploy.0 = Debug|arm64
		{99A74EFE-2122-4E25-B15E-4ABACFA50E9B}.Debug|x64.ActiveCfg = Debug|x64
		{99A74EFE-2122-4E25-B15E-4ABACFA50E9B}.Debug|x64.Build.0 = Debug|x64
		{99A74EFE-2122-4E25-B15E-4ABACFA50E9B}.Debug|x64.Deploy.0 = Debug|x64
		{99A74EFE-2122-4E25-B15E-4ABACFA50E9B}.Debug|x86.ActiveCfg = Debug|x86
		{99A74EFE-2122-4E25-B15E-4ABACFA50E9B}.Debug|x86.Build.0 = Debug|x86
		{99A74EFE-2122-4E25-B15E-4ABACFA50E9B}.Debug|x86.Deploy.0 = Debug|x86
		{99A74EFE-2122-4E25-B15E-4ABACFA50E9B}.Release|Any CPU.ActiveCfg = Release|x86
		{99A74EFE-2122-4E25-B15E-4ABACFA50E9B}.Release|arm64.ActiveCfg = Release|arm64
		{99A74EFE-2122-4E25-B15E-4ABACFA50E9B}.Release|arm64.Build.0 = Release|arm64
		{99A74EFE-2122-4E25-B15E-4ABACFA50E9B}.Release|arm64.Deploy.0 = Release|arm64
		{99A74EFE-2122-4E25-B15E-4ABACFA50E9B}.Release|x64.ActiveCfg = Release|x64
		{99A74EFE-2122-4E25-B15E-4ABACFA50E9B}.Release|x64.Build.0 = Release|x64
		{99A74EFE-2122-4E25-B15E-4ABACFA50E9B}.Release|x64.Deploy.0 = Release|x64
		{99A74EFE-2122-4E25-B15E-4ABACFA50E9B}.Release|x86.ActiveCfg = Release|x86
		{99A74EFE-2122-4E25-B15E-4ABACFA50E9B}.Release|x86.Build.0 = Release|x86
		{99A74EFE-2122-4E25-B15E-4ABACFA50E9B}.Release|x86.Deploy.0 = Release|x86
		{FA71EA72-07E4-4BDD-B3A7-7DBE37EA6D0D}.Debug|Any CPU.ActiveCfg = Debug|x86
		{FA71EA72-07E4-4BDD-B3A7-7DBE37EA6D0D}.Debug|arm64.ActiveCfg = Debug|arm64
		{FA71EA72-07E4-4BDD-B3A7-7DBE37EA6D0D}.Debug|arm64.Build.0 = Debug|arm64
		{FA71EA72-07E4-4BDD-B3A7-7DBE37EA6D0D}.Debug|x64.ActiveCfg = Debug|x64
		{FA71EA72-07E4-4BDD-B3A7-7DBE37EA6D0D}.Debug|x64.Build.0 = Debug|x64
		{FA71EA72-07E4-4BDD-B3A7-7DBE37EA6D0D}.Debug|x86.ActiveCfg = Debug|x86
		{FA71EA72-07E4-4BDD-B3A7-7DBE37EA6D0D}.Debug|x86.Build.0 = Debug|x86
		{FA71EA72-07E4-4BDD-B3A7-7DBE37EA6D0D}.Release|Any CPU.ActiveCfg = Release|x86
		{FA71EA72-07E4-4BDD-B3A7-7DBE37EA6D0D}.Release|arm64.ActiveCfg = Release|arm64
		{FA71EA72-07E4-4BDD-B3A7-7DBE37EA6D0D}.Release|arm64.Build.0 = Release|arm64
		{FA71EA72-07E4-4BDD-B3A7-7DBE37EA6D0D}.Release|x64.ActiveCfg = Release|x64
		{FA71EA72-07E4-4BDD-B3A7-7DBE37EA6D0D}.Release|x64.Build.0 = Release|x64
		{FA71EA72-07E4-4BDD-B3A7-7DBE37EA6D0D}.Release|x86.ActiveCfg = Release|x86
		{FA71EA72-07E4-4BDD-B3A7-7DBE37EA6D0D}.Release|x86.Build.0 = Release|x86
		{C454E3F6-B59E-45E3-9DEF-E84D29424FE3}.Debug|Any CPU.ActiveCfg = Debug|Any CPU
		{C454E3F6-B59E-45E3-9DEF-E84D29424FE3}.Debug|Any CPU.Build.0 = Debug|Any CPU
		{C454E3F6-B59E-45E3-9DEF-E84D29424FE3}.Debug|arm64.ActiveCfg = Debug|Any CPU
		{C454E3F6-B59E-45E3-9DEF-E84D29424FE3}.Debug|arm64.Build.0 = Debug|Any CPU
		{C454E3F6-B59E-45E3-9DEF-E84D29424FE3}.Debug|x64.ActiveCfg = Debug|x64
		{C454E3F6-B59E-45E3-9DEF-E84D29424FE3}.Debug|x64.Build.0 = Debug|x64
		{C454E3F6-B59E-45E3-9DEF-E84D29424FE3}.Debug|x86.ActiveCfg = Debug|x86
		{C454E3F6-B59E-45E3-9DEF-E84D29424FE3}.Debug|x86.Build.0 = Debug|x86
		{C454E3F6-B59E-45E3-9DEF-E84D29424FE3}.Release|Any CPU.ActiveCfg = Release|Any CPU
		{C454E3F6-B59E-45E3-9DEF-E84D29424FE3}.Release|Any CPU.Build.0 = Release|Any CPU
		{C454E3F6-B59E-45E3-9DEF-E84D29424FE3}.Release|arm64.ActiveCfg = Release|Any CPU
		{C454E3F6-B59E-45E3-9DEF-E84D29424FE3}.Release|arm64.Build.0 = Release|Any CPU
		{C454E3F6-B59E-45E3-9DEF-E84D29424FE3}.Release|x64.ActiveCfg = Release|x64
		{C454E3F6-B59E-45E3-9DEF-E84D29424FE3}.Release|x64.Build.0 = Release|x64
		{C454E3F6-B59E-45E3-9DEF-E84D29424FE3}.Release|x86.ActiveCfg = Release|x86
		{C454E3F6-B59E-45E3-9DEF-E84D29424FE3}.Release|x86.Build.0 = Release|x86
	EndGlobalSection
	GlobalSection(SolutionProperties) = preSolution
		HideSolutionNode = FALSE
	EndGlobalSection
	GlobalSection(ExtensibilityGlobals) = postSolution
		SolutionGuid = {CDE1D798-C34B-4231-8022-13F854DC1558}
	EndGlobalSection
EndGlobal
